
Microsoft Visual Studio Solution File, Format Version 12.00
# Visual Studio 15
VisualStudioVersion = 15.0.26430.16
MinimumVisualStudioVersion = 10.0.40219.1
Project("{9A19103F-16F7-4668-BE54-9A1E7A4F7556}") = "ACControlSystemApi", "ACControlSystemApi\ACControlSystemApi.csproj", "{831BF0CD-A9F1-4B03-90CD-0975B9A36F1D}"
EndProject
Project("{8BC9CEB8-8B4A-11D0-8D11-00A0C91BC942}") = "IRSlinger", "IRSlinger\IRSlinger.vcxproj", "{AE9F3D45-05B4-4CC2-B240-114DE9295D1B}"
EndProject
Project("{FAE04EC0-301F-11D3-BF4B-00C04F79EFBC}") = "IRSlingerCsharp", "IRSlingerCsharp\IRSlingerCsharp.csproj", "{AED93E84-8F1E-4BBC-8DA1-1085C35D937F}"
EndProject
Global
	GlobalSection(SolutionConfigurationPlatforms) = preSolution
		Debug|Any CPU = Debug|Any CPU
		Debug|x64 = Debug|x64
		Debug|x86 = Debug|x86
		Release|Any CPU = Release|Any CPU
		Release|x64 = Release|x64
		Release|x86 = Release|x86
	EndGlobalSection
	GlobalSection(ProjectConfigurationPlatforms) = postSolution
		{831BF0CD-A9F1-4B03-90CD-0975B9A36F1D}.Debug|Any CPU.ActiveCfg = Debug|Any CPU
		{831BF0CD-A9F1-4B03-90CD-0975B9A36F1D}.Debug|Any CPU.Build.0 = Debug|Any CPU
		{831BF0CD-A9F1-4B03-90CD-0975B9A36F1D}.Debug|x64.ActiveCfg = Debug|Any CPU
		{831BF0CD-A9F1-4B03-90CD-0975B9A36F1D}.Debug|x64.Build.0 = Debug|Any CPU
		{831BF0CD-A9F1-4B03-90CD-0975B9A36F1D}.Debug|x86.ActiveCfg = Debug|Any CPU
		{831BF0CD-A9F1-4B03-90CD-0975B9A36F1D}.Debug|x86.Build.0 = Debug|Any CPU
		{831BF0CD-A9F1-4B03-90CD-0975B9A36F1D}.Release|Any CPU.ActiveCfg = Release|Any CPU
		{831BF0CD-A9F1-4B03-90CD-0975B9A36F1D}.Release|Any CPU.Build.0 = Release|Any CPU
		{831BF0CD-A9F1-4B03-90CD-0975B9A36F1D}.Release|x64.ActiveCfg = Release|Any CPU
		{831BF0CD-A9F1-4B03-90CD-0975B9A36F1D}.Release|x64.Build.0 = Release|Any CPU
		{831BF0CD-A9F1-4B03-90CD-0975B9A36F1D}.Release|x86.ActiveCfg = Release|Any CPU
		{831BF0CD-A9F1-4B03-90CD-0975B9A36F1D}.Release|x86.Build.0 = Release|Any CPU
		{AE9F3D45-05B4-4CC2-B240-114DE9295D1B}.Debug|Any CPU.ActiveCfg = Debug|Win32
		{AE9F3D45-05B4-4CC2-B240-114DE9295D1B}.Debug|x64.ActiveCfg = Debug|x64
		{AE9F3D45-05B4-4CC2-B240-114DE9295D1B}.Debug|x64.Build.0 = Debug|x64
		{AE9F3D45-05B4-4CC2-B240-114DE9295D1B}.Debug|x86.ActiveCfg = Debug|Win32
		{AE9F3D45-05B4-4CC2-B240-114DE9295D1B}.Debug|x86.Build.0 = Debug|Win32
		{AE9F3D45-05B4-4CC2-B240-114DE9295D1B}.Release|Any CPU.ActiveCfg = Release|Win32
		{AE9F3D45-05B4-4CC2-B240-114DE9295D1B}.Release|x64.ActiveCfg = Release|x64
		{AE9F3D45-05B4-4CC2-B240-114DE9295D1B}.Release|x64.Build.0 = Release|x64
		{AE9F3D45-05B4-4CC2-B240-114DE9295D1B}.Release|x86.ActiveCfg = Release|Win32
		{AE9F3D45-05B4-4CC2-B240-114DE9295D1B}.Release|x86.Build.0 = Release|Win32
		{AED93E84-8F1E-4BBC-8DA1-1085C35D937F}.Debug|Any CPU.ActiveCfg = Debug|Any CPU
		{AED93E84-8F1E-4BBC-8DA1-1085C35D937F}.Debug|Any CPU.Build.0 = Debug|Any CPU
		{AED93E84-8F1E-4BBC-8DA1-1085C35D937F}.Debug|x64.ActiveCfg = Debug|Any CPU
		{AED93E84-8F1E-4BBC-8DA1-1085C35D937F}.Debug|x64.Build.0 = Debug|Any CPU
		{AED93E84-8F1E-4BBC-8DA1-1085C35D937F}.Debug|x86.ActiveCfg = Debug|Any CPU
		{AED93E84-8F1E-4BBC-8DA1-1085C35D937F}.Debug|x86.Build.0 = Debug|Any CPU
		{AED93E84-8F1E-4BBC-8DA1-1085C35D937F}.Release|Any CPU.ActiveCfg = Release|Any CPU
		{AED93E84-8F1E-4BBC-8DA1-1085C35D937F}.Release|Any CPU.Build.0 = Release|Any CPU
		{AED93E84-8F1E-4BBC-8DA1-1085C35D937F}.Release|x64.ActiveCfg = Release|Any CPU
		{AED93E84-8F1E-4BBC-8DA1-1085C35D937F}.Release|x64.Build.0 = Release|Any CPU
		{AED93E84-8F1E-4BBC-8DA1-1085C35D937F}.Release|x86.ActiveCfg = Release|Any CPU
		{AED93E84-8F1E-4BBC-8DA1-1085C35D937F}.Release|x86.Build.0 = Release|Any CPU
	EndGlobalSection
	GlobalSection(SolutionProperties) = preSolution
		HideSolutionNode = FALSE
	EndGlobalSection
EndGlobal
