
Microsoft Visual Studio Solution File, Format Version 12.00
# Visual Studio 15
VisualStudioVersion = 15.0.26730.15
MinimumVisualStudioVersion = 10.0.40219.1
Project("{9A19103F-16F7-4668-BE54-9A1E7A4F7556}") = "ACCSApi.Services", "ACCSApi.Services\ACCSApi.Services.csproj", "{2EEF3887-DE7A-4661-BE38-8388D8DD9306}"
EndProject
Project("{9A19103F-16F7-4668-BE54-9A1E7A4F7556}") = "ACCSApi.Repositories", "ACCSApi.Repositories\ACCSApi.Repositories.csproj", "{04971EE4-C03A-4FB9-BD15-C193827D4459}"
EndProject
Project("{9A19103F-16F7-4668-BE54-9A1E7A4F7556}") = "ACCSApi.Model", "ACCSApi.Model\ACCSApi.Model.csproj", "{FD2E98C0-4731-4F7D-A34F-D7337D2CE4C4}"
EndProject
Project("{9A19103F-16F7-4668-BE54-9A1E7A4F7556}") = "ACCSApi.Controllers", "ACCSApi.Controllers\ACCSApi.Controllers.csproj", "{8466305F-07B7-4092-BCB4-BC7E5262EE16}"
EndProject
Project("{9A19103F-16F7-4668-BE54-9A1E7A4F7556}") = "IRSlingerCsharp", "IRSlingerCsharp\IRSlingerCsharp.csproj", "{590D8827-857D-4854-BD2A-FB473FDB0C8B}"
EndProject
Global
	GlobalSection(SolutionConfigurationPlatforms) = preSolution
		Debug|Any CPU = Debug|Any CPU
		Release|Any CPU = Release|Any CPU
	EndGlobalSection
	GlobalSection(ProjectConfigurationPlatforms) = postSolution
		{2EEF3887-DE7A-4661-BE38-8388D8DD9306}.Debug|Any CPU.ActiveCfg = Debug|Any CPU
		{2EEF3887-DE7A-4661-BE38-8388D8DD9306}.Debug|Any CPU.Build.0 = Debug|Any CPU
		{2EEF3887-DE7A-4661-BE38-8388D8DD9306}.Release|Any CPU.ActiveCfg = Release|Any CPU
		{2EEF3887-DE7A-4661-BE38-8388D8DD9306}.Release|Any CPU.Build.0 = Release|Any CPU
		{04971EE4-C03A-4FB9-BD15-C193827D4459}.Debug|Any CPU.ActiveCfg = Debug|Any CPU
		{04971EE4-C03A-4FB9-BD15-C193827D4459}.Debug|Any CPU.Build.0 = Debug|Any CPU
		{04971EE4-C03A-4FB9-BD15-C193827D4459}.Release|Any CPU.ActiveCfg = Release|Any CPU
		{04971EE4-C03A-4FB9-BD15-C193827D4459}.Release|Any CPU.Build.0 = Release|Any CPU
		{FD2E98C0-4731-4F7D-A34F-D7337D2CE4C4}.Debug|Any CPU.ActiveCfg = Debug|Any CPU
		{FD2E98C0-4731-4F7D-A34F-D7337D2CE4C4}.Debug|Any CPU.Build.0 = Debug|Any CPU
		{FD2E98C0-4731-4F7D-A34F-D7337D2CE4C4}.Release|Any CPU.ActiveCfg = Release|Any CPU
		{FD2E98C0-4731-4F7D-A34F-D7337D2CE4C4}.Release|Any CPU.Build.0 = Release|Any CPU
		{8466305F-07B7-4092-BCB4-BC7E5262EE16}.Debug|Any CPU.ActiveCfg = Debug|Any CPU
		{8466305F-07B7-4092-BCB4-BC7E5262EE16}.Debug|Any CPU.Build.0 = Debug|Any CPU
		{8466305F-07B7-4092-BCB4-BC7E5262EE16}.Release|Any CPU.ActiveCfg = Release|Any CPU
		{8466305F-07B7-4092-BCB4-BC7E5262EE16}.Release|Any CPU.Build.0 = Release|Any CPU
		{590D8827-857D-4854-BD2A-FB473FDB0C8B}.Debug|Any CPU.ActiveCfg = Debug|Any CPU
		{590D8827-857D-4854-BD2A-FB473FDB0C8B}.Debug|Any CPU.Build.0 = Debug|Any CPU
		{590D8827-857D-4854-BD2A-FB473FDB0C8B}.Release|Any CPU.ActiveCfg = Release|Any CPU
		{590D8827-857D-4854-BD2A-FB473FDB0C8B}.Release|Any CPU.Build.0 = Release|Any CPU
	EndGlobalSection
	GlobalSection(SolutionProperties) = preSolution
		HideSolutionNode = FALSE
	EndGlobalSection
	GlobalSection(ExtensibilityGlobals) = postSolution
		SolutionGuid = {AE55A445-4F53-4E3F-857C-610B7AEBDD28}
	EndGlobalSection
EndGlobal
